
Microsoft Visual Studio Solution File, Format Version 12.00
# Visual Studio Version 16
VisualStudioVersion = 16.0.30225.117
MinimumVisualStudioVersion = 10.0.40219.1
Project("{8BC9CEB8-8B4A-11D0-8D11-00A0C91BC942}") = "VulkanTutorial", "VulkanTutorial\VulkanTutorial.vcxproj", "{E8731F50-BAB3-4665-9609-459FDC1E320B}"
EndProject
Global
	GlobalSection(SolutionConfigurationPlatforms) = preSolution
		Debug|x64 = Debug|x64
		Debug|x86 = Debug|x86
		Release|x64 = Release|x64
		Release|x86 = Release|x86
	EndGlobalSection
	GlobalSection(ProjectConfigurationPlatforms) = postSolution
		{E8731F50-BAB3-4665-9609-459FDC1E320B}.Debug|x64.ActiveCfg = Debug|x64
		{E8731F50-BAB3-4665-9609-459FDC1E320B}.Debug|x64.Build.0 = Debug|x64
		{E8731F50-BAB3-4665-9609-459FDC1E320B}.Debug|x86.ActiveCfg = Debug|Win32
		{E8731F50-BAB3-4665-9609-459FDC1E320B}.Debug|x86.Build.0 = Debug|Win32
		{E8731F50-BAB3-4665-9609-459FDC1E320B}.Release|x64.ActiveCfg = Release|x64
		{E8731F50-BAB3-4665-9609-459FDC1E320B}.Release|x64.Build.0 = Release|x64
		{E8731F50-BAB3-4665-9609-459FDC1E320B}.Release|x86.ActiveCfg = Release|Win32
		{E8731F50-BAB3-4665-9609-459FDC1E320B}.Release|x86.Build.0 = Release|Win32
	EndGlobalSection
	GlobalSection(SolutionProperties) = preSolution
		HideSolutionNode = FALSE
	EndGlobalSection
	GlobalSection(ExtensibilityGlobals) = postSolution
		SolutionGuid = {CC699B5A-3558-4D77-A660-6DDF631D6EBD}
	EndGlobalSection
EndGlobal
